
Microsoft Visual Studio Solution File, Format Version 12.00
# Visual Studio 15
VisualStudioVersion = 15.0.26430.14
MinimumVisualStudioVersion = 10.0.40219.1
Project("{FAE04EC0-301F-11D3-BF4B-00C04F79EFBC}") = "positivitet V 2.0", "positivitet V 2.0\positivitet V 2.0.csproj", "{CBF70429-E5C9-46B6-A0FD-0E7434431A27}"
EndProject
Global
	GlobalSection(SolutionConfigurationPlatforms) = preSolution
		Debug|Any CPU = Debug|Any CPU
		Release|Any CPU = Release|Any CPU
	EndGlobalSection
	GlobalSection(ProjectConfigurationPlatforms) = postSolution
		{CBF70429-E5C9-46B6-A0FD-0E7434431A27}.Debug|Any CPU.ActiveCfg = Debug|Any CPU
		{CBF70429-E5C9-46B6-A0FD-0E7434431A27}.Debug|Any CPU.Build.0 = Debug|Any CPU
		{CBF70429-E5C9-46B6-A0FD-0E7434431A27}.Release|Any CPU.ActiveCfg = Release|Any CPU
		{CBF70429-E5C9-46B6-A0FD-0E7434431A27}.Release|Any CPU.Build.0 = Release|Any CPU
	EndGlobalSection
	GlobalSection(SolutionProperties) = preSolution
		HideSolutionNode = FALSE
	EndGlobalSection
EndGlobal
